
Microsoft Visual Studio Solution File, Format Version 12.00
Project("{FAE04EC0-301F-11D3-BF4B-00C04F79EFBC}") = "Calendar.API", "Calendar.API\Calendar.API.csproj", "{3C6102A7-157D-4609-A227-4B65CAE56FB5}"
EndProject
Project("{2150E333-8FDC-42A3-9474-1A3956D46DE8}") = "backend", "backend", "{2527A029-B264-4E90-A7A7-2967887A9367}"
EndProject
Global
	GlobalSection(SolutionConfigurationPlatforms) = preSolution
		Debug|Any CPU = Debug|Any CPU
		Release|Any CPU = Release|Any CPU
	EndGlobalSection
	GlobalSection(ProjectConfigurationPlatforms) = postSolution
		{3C6102A7-157D-4609-A227-4B65CAE56FB5}.Debug|Any CPU.ActiveCfg = Debug|Any CPU
		{3C6102A7-157D-4609-A227-4B65CAE56FB5}.Debug|Any CPU.Build.0 = Debug|Any CPU
		{3C6102A7-157D-4609-A227-4B65CAE56FB5}.Release|Any CPU.ActiveCfg = Release|Any CPU
		{3C6102A7-157D-4609-A227-4B65CAE56FB5}.Release|Any CPU.Build.0 = Release|Any CPU
	EndGlobalSection
	GlobalSection(NestedProjects) = preSolution
		{3C6102A7-157D-4609-A227-4B65CAE56FB5} = {2527A029-B264-4E90-A7A7-2967887A9367}
	EndGlobalSection
EndGlobal
